
Microsoft Visual Studio Solution File, Format Version 12.00
# Visual Studio Version 17
VisualStudioVersion = 17.10.35013.160
MinimumVisualStudioVersion = 10.0.40219.1
Project("{FAE04EC0-301F-11D3-BF4B-00C04F79EFBC}") = "Demo", "Demo\Demo.csproj", "{BB08E9C7-B08A-44D1-9D8C-422A804BB9E7}"
EndProject
Global
	GlobalSection(SolutionConfigurationPlatforms) = preSolution
		Debug|Any CPU = Debug|Any CPU
		Release|Any CPU = Release|Any CPU
	EndGlobalSection
	GlobalSection(ProjectConfigurationPlatforms) = postSolution
		{BB08E9C7-B08A-44D1-9D8C-422A804BB9E7}.Debug|Any CPU.ActiveCfg = Debug|Any CPU
		{BB08E9C7-B08A-44D1-9D8C-422A804BB9E7}.Debug|Any CPU.Build.0 = Debug|Any CPU
		{BB08E9C7-B08A-44D1-9D8C-422A804BB9E7}.Release|Any CPU.ActiveCfg = Release|Any CPU
		{BB08E9C7-B08A-44D1-9D8C-422A804BB9E7}.Release|Any CPU.Build.0 = Release|Any CPU
	EndGlobalSection
	GlobalSection(SolutionProperties) = preSolution
		HideSolutionNode = FALSE
	EndGlobalSection
	GlobalSection(ExtensibilityGlobals) = postSolution
		SolutionGuid = {92CADD44-E360-425F-B853-4E709927AA70}
	EndGlobalSection
EndGlobal
